// !$*UTF8*$!
{
	archiveVersion = 1;
	classes = {
	};
	objectVersion = 50;
	objects = {

/* Begin PBXBuildFile section */
		5E0B808C26FA2BAE00F7BB92 /* AppDelegate.swift in Sources */ = {isa = PBXBuildFile; fileRef = 5E0B808B26FA2BAE00F7BB92 /* AppDelegate.swift */; };
		5E0B808E26FA2BAE00F7BB92 /* SceneDelegate.swift in Sources */ = {isa = PBXBuildFile; fileRef = 5E0B808D26FA2BAE00F7BB92 /* SceneDelegate.swift */; };
		5E0B809526FA2BAF00F7BB92 /* Assets.xcassets in Resources */ = {isa = PBXBuildFile; fileRef = 5E0B809426FA2BAF00F7BB92 /* Assets.xcassets */; };
		5E0B809826FA2BAF00F7BB92 /* LaunchScreen.storyboard in Resources */ = {isa = PBXBuildFile; fileRef = 5E0B809626FA2BAF00F7BB92 /* LaunchScreen.storyboard */; };
		B94812EB2703472200F56CE9 /* PostCell-Image.swift in Sources */ = {isa = PBXBuildFile; fileRef = B94812E92703472200F56CE9 /* PostCell-Image.swift */; };
		B94812EC2703472200F56CE9 /* PostCell-Image.xib in Resources */ = {isa = PBXBuildFile; fileRef = B94812EA2703472200F56CE9 /* PostCell-Image.xib */; };
		B94812F12703474E00F56CE9 /* PostCell-Content.swift in Sources */ = {isa = PBXBuildFile; fileRef = B94812EF2703474E00F56CE9 /* PostCell-Content.swift */; };
		B94812F22703474E00F56CE9 /* PostCell-Content.xib in Resources */ = {isa = PBXBuildFile; fileRef = B94812F02703474E00F56CE9 /* PostCell-Content.xib */; };
		B94812F42703483200F56CE9 /* K.swift in Sources */ = {isa = PBXBuildFile; fileRef = B94812F32703483200F56CE9 /* K.swift */; };
		B94812F627034ECF00F56CE9 /* PostCellDelegate.swift in Sources */ = {isa = PBXBuildFile; fileRef = B94812F527034ECF00F56CE9 /* PostCellDelegate.swift */; };
		B94812FC27035A0400F56CE9 /* ImageDetailsViewController.swift in Sources */ = {isa = PBXBuildFile; fileRef = B94812FB27035A0400F56CE9 /* ImageDetailsViewController.swift */; };
		B94812FE27035A1500F56CE9 /* ContentDetailsViewController.swift in Sources */ = {isa = PBXBuildFile; fileRef = B94812FD27035A1500F56CE9 /* ContentDetailsViewController.swift */; };
		B948130027035A2600F56CE9 /* MixedDetailsViewController.swift in Sources */ = {isa = PBXBuildFile; fileRef = B94812FF27035A2600F56CE9 /* MixedDetailsViewController.swift */; };
		B948130227035A5700F56CE9 /* PostDetailViewController.swift in Sources */ = {isa = PBXBuildFile; fileRef = B948130127035A5700F56CE9 /* PostDetailViewController.swift */; };
		B9EF6F0127024CB8009A8C73 /* Main.storyboard in Resources */ = {isa = PBXBuildFile; fileRef = B9EF6EFF27024CB8009A8C73 /* Main.storyboard */; };
		B9EF6F0A27024D47009A8C73 /* PostsViewController.swift in Sources */ = {isa = PBXBuildFile; fileRef = B9EF6F0927024D47009A8C73 /* PostsViewController.swift */; };
		B9EF6F0C27024D7B009A8C73 /* PostManager.swift in Sources */ = {isa = PBXBuildFile; fileRef = B9EF6F0B27024D7B009A8C73 /* PostManager.swift */; };
		B9EF6F0E27024D8F009A8C73 /* Post.swift in Sources */ = {isa = PBXBuildFile; fileRef = B9EF6F0D27024D8F009A8C73 /* Post.swift */; };
		B9EF6F1027024EA4009A8C73 /* Author.swift in Sources */ = {isa = PBXBuildFile; fileRef = B9EF6F0F27024EA4009A8C73 /* Author.swift */; };
		B9EF6F14270260CF009A8C73 /* PostCell.swift in Sources */ = {isa = PBXBuildFile; fileRef = B9EF6F12270260CF009A8C73 /* PostCell.swift */; };
		B9EF6F15270260CF009A8C73 /* PostCell.xib in Resources */ = {isa = PBXBuildFile; fileRef = B9EF6F13270260CF009A8C73 /* PostCell.xib */; };
/* End PBXBuildFile section */

/* Begin PBXFileReference section */
		5E0B808826FA2BAE00F7BB92 /* Lesson3.app */ = {isa = PBXFileReference; explicitFileType = wrapper.application; includeInIndex = 0; path = Lesson3.app; sourceTree = BUILT_PRODUCTS_DIR; };
		5E0B808B26FA2BAE00F7BB92 /* AppDelegate.swift */ = {isa = PBXFileReference; lastKnownFileType = sourcecode.swift; path = AppDelegate.swift; sourceTree = "<group>"; };
		5E0B808D26FA2BAE00F7BB92 /* SceneDelegate.swift */ = {isa = PBXFileReference; lastKnownFileType = sourcecode.swift; path = SceneDelegate.swift; sourceTree = "<group>"; };
		5E0B809426FA2BAF00F7BB92 /* Assets.xcassets */ = {isa = PBXFileReference; lastKnownFileType = folder.assetcatalog; path = Assets.xcassets; sourceTree = "<group>"; };
		5E0B809726FA2BAF00F7BB92 /* Base */ = {isa = PBXFileReference; lastKnownFileType = file.storyboard; name = Base; path = Base.lproj/LaunchScreen.storyboard; sourceTree = "<group>"; };
		5E0B809926FA2BAF00F7BB92 /* Info.plist */ = {isa = PBXFileReference; lastKnownFileType = text.plist.xml; path = Info.plist; sourceTree = "<group>"; };
		B94812E92703472200F56CE9 /* PostCell-Image.swift */ = {isa = PBXFileReference; lastKnownFileType = sourcecode.swift; path = "PostCell-Image.swift"; sourceTree = "<group>"; };
		B94812EA2703472200F56CE9 /* PostCell-Image.xib */ = {isa = PBXFileReference; lastKnownFileType = file.xib; path = "PostCell-Image.xib"; sourceTree = "<group>"; };
		B94812EF2703474E00F56CE9 /* PostCell-Content.swift */ = {isa = PBXFileReference; lastKnownFileType = sourcecode.swift; path = "PostCell-Content.swift"; sourceTree = "<group>"; };
		B94812F02703474E00F56CE9 /* PostCell-Content.xib */ = {isa = PBXFileReference; lastKnownFileType = file.xib; path = "PostCell-Content.xib"; sourceTree = "<group>"; };
		B94812F32703483200F56CE9 /* K.swift */ = {isa = PBXFileReference; lastKnownFileType = sourcecode.swift; path = K.swift; sourceTree = "<group>"; };
		B94812F527034ECF00F56CE9 /* PostCellDelegate.swift */ = {isa = PBXFileReference; lastKnownFileType = sourcecode.swift; path = PostCellDelegate.swift; sourceTree = "<group>"; };
		B94812FB27035A0400F56CE9 /* ImageDetailsViewController.swift */ = {isa = PBXFileReference; lastKnownFileType = sourcecode.swift; path = ImageDetailsViewController.swift; sourceTree = "<group>"; };
		B94812FD27035A1500F56CE9 /* ContentDetailsViewController.swift */ = {isa = PBXFileReference; lastKnownFileType = sourcecode.swift; path = ContentDetailsViewController.swift; sourceTree = "<group>"; };
		B94812FF27035A2600F56CE9 /* MixedDetailsViewController.swift */ = {isa = PBXFileReference; lastKnownFileType = sourcecode.swift; path = MixedDetailsViewController.swift; sourceTree = "<group>"; };
		B948130127035A5700F56CE9 /* PostDetailViewController.swift */ = {isa = PBXFileReference; lastKnownFileType = sourcecode.swift; path = PostDetailViewController.swift; sourceTree = "<group>"; };
		B9EF6F0027024CB8009A8C73 /* Base */ = {isa = PBXFileReference; lastKnownFileType = file.storyboard; name = Base; path = Base.lproj/Main.storyboard; sourceTree = "<group>"; };
		B9EF6F0927024D47009A8C73 /* PostsViewController.swift */ = {isa = PBXFileReference; lastKnownFileType = sourcecode.swift; path = PostsViewController.swift; sourceTree = "<group>"; };
		B9EF6F0B27024D7B009A8C73 /* PostManager.swift */ = {isa = PBXFileReference; lastKnownFileType = sourcecode.swift; path = PostManager.swift; sourceTree = "<group>"; };
		B9EF6F0D27024D8F009A8C73 /* Post.swift */ = {isa = PBXFileReference; lastKnownFileType = sourcecode.swift; path = Post.swift; sourceTree = "<group>"; };
		B9EF6F0F27024EA4009A8C73 /* Author.swift */ = {isa = PBXFileReference; lastKnownFileType = sourcecode.swift; path = Author.swift; sourceTree = "<group>"; };
		B9EF6F12270260CF009A8C73 /* PostCell.swift */ = {isa = PBXFileReference; lastKnownFileType = sourcecode.swift; path = PostCell.swift; sourceTree = "<group>"; };
		B9EF6F13270260CF009A8C73 /* PostCell.xib */ = {isa = PBXFileReference; lastKnownFileType = file.xib; path = PostCell.xib; sourceTree = "<group>"; };
/* End PBXFileReference section */

/* Begin PBXFrameworksBuildPhase section */
		5E0B808526FA2BAE00F7BB92 /* Frameworks */ = {
			isa = PBXFrameworksBuildPhase;
			buildActionMask = 2147483647;
			files = (
			);
			runOnlyForDeploymentPostprocessing = 0;
		};
/* End PBXFrameworksBuildPhase section */

/* Begin PBXGroup section */
		5E0B807F26FA2BAE00F7BB92 = {
			isa = PBXGroup;
			children = (
				5E0B808A26FA2BAE00F7BB92 /* Lesson3 */,
				5E0B808926FA2BAE00F7BB92 /* Products */,
			);
			sourceTree = "<group>";
		};
		5E0B808926FA2BAE00F7BB92 /* Products */ = {
			isa = PBXGroup;
			children = (
				5E0B808826FA2BAE00F7BB92 /* Lesson3.app */,
			);
			name = Products;
			sourceTree = "<group>";
		};
		5E0B808A26FA2BAE00F7BB92 /* Lesson3 */ = {
			isa = PBXGroup;
			children = (
				B9EF6F0427024CDB009A8C73 /* Views */,
				B9EF6F0327024CD4009A8C73 /* Models */,
				B9EF6F0227024CCB009A8C73 /* Controllers */,
				5E0B808B26FA2BAE00F7BB92 /* AppDelegate.swift */,
				5E0B808D26FA2BAE00F7BB92 /* SceneDelegate.swift */,
				5E0B809626FA2BAF00F7BB92 /* LaunchScreen.storyboard */,
				B9EF6EFF27024CB8009A8C73 /* Main.storyboard */,
				5E0B809426FA2BAF00F7BB92 /* Assets.xcassets */,
				5E0B809926FA2BAF00F7BB92 /* Info.plist */,
			);
			path = Lesson3;
			sourceTree = "<group>";
		};
		B94812F727034F3800F56CE9 /* Delegates */ = {
			isa = PBXGroup;
			children = (
				B94812F527034ECF00F56CE9 /* PostCellDelegate.swift */,
			);
			path = Delegates;
			sourceTree = "<group>";
		};
		B94812F827034F4400F56CE9 /* Entities */ = {
			isa = PBXGroup;
			children = (
				B9EF6F0D27024D8F009A8C73 /* Post.swift */,
				B9EF6F0F27024EA4009A8C73 /* Author.swift */,
			);
			path = Entities;
			sourceTree = "<group>";
		};
		B94812F927034F5300F56CE9 /* Managers */ = {
			isa = PBXGroup;
			children = (
				B9EF6F0B27024D7B009A8C73 /* PostManager.swift */,
			);
			path = Managers;
			sourceTree = "<group>";
		};
		B94812FA27034F5C00F56CE9 /* Helpers */ = {
			isa = PBXGroup;
			children = (
				B94812F32703483200F56CE9 /* K.swift */,
			);
			path = Helpers;
			sourceTree = "<group>";
		};
		B9EF6F0227024CCB009A8C73 /* Controllers */ = {
			isa = PBXGroup;
			children = (
				B9EF6F0927024D47009A8C73 /* PostsViewController.swift */,
				B94812FB27035A0400F56CE9 /* ImageDetailsViewController.swift */,
				B94812FD27035A1500F56CE9 /* ContentDetailsViewController.swift */,
				B94812FF27035A2600F56CE9 /* MixedDetailsViewController.swift */,
				B948130127035A5700F56CE9 /* PostDetailViewController.swift */,
			);
			path = Controllers;
			sourceTree = "<group>";
		};
		B9EF6F0327024CD4009A8C73 /* Models */ = {
			isa = PBXGroup;
			children = (
				B94812FA27034F5C00F56CE9 /* Helpers */,
				B94812F927034F5300F56CE9 /* Managers */,
				B94812F827034F4400F56CE9 /* Entities */,
				B94812F727034F3800F56CE9 /* Delegates */,
			);
			path = Models;
			sourceTree = "<group>";
		};
		B9EF6F0427024CDB009A8C73 /* Views */ = {
			isa = PBXGroup;
			children = (
				B9EF6F1127026029009A8C73 /* Cells */,
			);
			path = Views;
			sourceTree = "<group>";
		};
		B9EF6F1127026029009A8C73 /* Cells */ = {
			isa = PBXGroup;
			children = (
				B9EF6F12270260CF009A8C73 /* PostCell.swift */,
				B9EF6F13270260CF009A8C73 /* PostCell.xib */,
				B94812E92703472200F56CE9 /* PostCell-Image.swift */,
				B94812EA2703472200F56CE9 /* PostCell-Image.xib */,
				B94812EF2703474E00F56CE9 /* PostCell-Content.swift */,
				B94812F02703474E00F56CE9 /* PostCell-Content.xib */,
			);
			path = Cells;
			sourceTree = "<group>";
		};
/* End PBXGroup section */

/* Begin PBXNativeTarget section */
		5E0B808726FA2BAE00F7BB92 /* Lesson3 */ = {
			isa = PBXNativeTarget;
			buildConfigurationList = 5E0B809C26FA2BAF00F7BB92 /* Build configuration list for PBXNativeTarget "Lesson3" */;
			buildPhases = (
				5E0B808426FA2BAE00F7BB92 /* Sources */,
				5E0B808526FA2BAE00F7BB92 /* Frameworks */,
				5E0B808626FA2BAE00F7BB92 /* Resources */,
			);
			buildRules = (
			);
			dependencies = (
			);
			name = Lesson3;
			productName = Lesson3;
			productReference = 5E0B808826FA2BAE00F7BB92 /* Lesson3.app */;
			productType = "com.apple.product-type.application";
		};
/* End PBXNativeTarget section */

/* Begin PBXProject section */
		5E0B808026FA2BAE00F7BB92 /* Project object */ = {
			isa = PBXProject;
			attributes = {
				LastSwiftUpdateCheck = 1250;
				LastUpgradeCheck = 1250;
				TargetAttributes = {
					5E0B808726FA2BAE00F7BB92 = {
						CreatedOnToolsVersion = 12.5.1;
					};
				};
			};
			buildConfigurationList = 5E0B808326FA2BAE00F7BB92 /* Build configuration list for PBXProject "Lesson3" */;
			compatibilityVersion = "Xcode 9.3";
			developmentRegion = en;
			hasScannedForEncodings = 0;
			knownRegions = (
				en,
				Base,
			);
			mainGroup = 5E0B807F26FA2BAE00F7BB92;
			productRefGroup = 5E0B808926FA2BAE00F7BB92 /* Products */;
			projectDirPath = "";
			projectRoot = "";
			targets = (
				5E0B808726FA2BAE00F7BB92 /* Lesson3 */,
			);
		};
/* End PBXProject section */

/* Begin PBXResourcesBuildPhase section */
		5E0B808626FA2BAE00F7BB92 /* Resources */ = {
			isa = PBXResourcesBuildPhase;
			buildActionMask = 2147483647;
			files = (
				B9EF6F0127024CB8009A8C73 /* Main.storyboard in Resources */,
				5E0B809826FA2BAF00F7BB92 /* LaunchScreen.storyboard in Resources */,
				B94812EC2703472200F56CE9 /* PostCell-Image.xib in Resources */,
				5E0B809526FA2BAF00F7BB92 /* Assets.xcassets in Resources */,
				B9EF6F15270260CF009A8C73 /* PostCell.xib in Resources */,
				B94812F22703474E00F56CE9 /* PostCell-Content.xib in Resources */,
			);
			runOnlyForDeploymentPostprocessing = 0;
		};
/* End PBXResourcesBuildPhase section */

/* Begin PBXSourcesBuildPhase section */
		5E0B808426FA2BAE00F7BB92 /* Sources */ = {
			isa = PBXSourcesBuildPhase;
			buildActionMask = 2147483647;
			files = (
				B94812FC27035A0400F56CE9 /* ImageDetailsViewController.swift in Sources */,
				B948130027035A2600F56CE9 /* MixedDetailsViewController.swift in Sources */,
				B9EF6F0A27024D47009A8C73 /* PostsViewController.swift in Sources */,
				B94812F42703483200F56CE9 /* K.swift in Sources */,
				B94812F627034ECF00F56CE9 /* PostCellDelegate.swift in Sources */,
				B94812EB2703472200F56CE9 /* PostCell-Image.swift in Sources */,
				B94812FE27035A1500F56CE9 /* ContentDetailsViewController.swift in Sources */,
				B9EF6F0C27024D7B009A8C73 /* PostManager.swift in Sources */,
				B9EF6F0E27024D8F009A8C73 /* Post.swift in Sources */,
				B948130227035A5700F56CE9 /* PostDetailViewController.swift in Sources */,
				5E0B808C26FA2BAE00F7BB92 /* AppDelegate.swift in Sources */,
				B9EF6F1027024EA4009A8C73 /* Author.swift in Sources */,
				B94812F12703474E00F56CE9 /* PostCell-Content.swift in Sources */,
				5E0B808E26FA2BAE00F7BB92 /* SceneDelegate.swift in Sources */,
				B9EF6F14270260CF009A8C73 /* PostCell.swift in Sources */,
			);
			runOnlyForDeploymentPostprocessing = 0;
		};
/* End PBXSourcesBuildPhase section */

/* Begin PBXVariantGroup section */
		5E0B809626FA2BAF00F7BB92 /* LaunchScreen.storyboard */ = {
			isa = PBXVariantGroup;
			children = (
				5E0B809726FA2BAF00F7BB92 /* Base */,
			);
			name = LaunchScreen.storyboard;
			sourceTree = "<group>";
		};
		B9EF6EFF27024CB8009A8C73 /* Main.storyboard */ = {
			isa = PBXVariantGroup;
			children = (
				B9EF6F0027024CB8009A8C73 /* Base */,
			);
			name = Main.storyboard;
			sourceTree = "<group>";
		};
/* End PBXVariantGroup section */

/* Begin XCBuildConfiguration section */
		5E0B809A26FA2BAF00F7BB92 /* Debug */ = {
			isa = XCBuildConfiguration;
			buildSettings = {
				ALWAYS_SEARCH_USER_PATHS = NO;
				CLANG_ANALYZER_NONNULL = YES;
				CLANG_ANALYZER_NUMBER_OBJECT_CONVERSION = YES_AGGRESSIVE;
				CLANG_CXX_LANGUAGE_STANDARD = "gnu++14";
				CLANG_CXX_LIBRARY = "libc++";
				CLANG_ENABLE_MODULES = YES;
				CLANG_ENABLE_OBJC_ARC = YES;
				CLANG_ENABLE_OBJC_WEAK = YES;
				CLANG_WARN_BLOCK_CAPTURE_AUTORELEASING = YES;
				CLANG_WARN_BOOL_CONVERSION = YES;
				CLANG_WARN_COMMA = YES;
				CLANG_WARN_CONSTANT_CONVERSION = YES;
				CLANG_WARN_DEPRECATED_OBJC_IMPLEMENTATIONS = YES;
				CLANG_WARN_DIRECT_OBJC_ISA_USAGE = YES_ERROR;
				CLANG_WARN_DOCUMENTATION_COMMENTS = YES;
				CLANG_WARN_EMPTY_BODY = YES;
				CLANG_WARN_ENUM_CONVERSION = YES;
				CLANG_WARN_INFINITE_RECURSION = YES;
				CLANG_WARN_INT_CONVERSION = YES;
				CLANG_WARN_NON_LITERAL_NULL_CONVERSION = YES;
				CLANG_WARN_OBJC_IMPLICIT_RETAIN_SELF = YES;
				CLANG_WARN_OBJC_LITERAL_CONVERSION = YES;
				CLANG_WARN_OBJC_ROOT_CLASS = YES_ERROR;
				CLANG_WARN_QUOTED_INCLUDE_IN_FRAMEWORK_HEADER = YES;
				CLANG_WARN_RANGE_LOOP_ANALYSIS = YES;
				CLANG_WARN_STRICT_PROTOTYPES = YES;
				CLANG_WARN_SUSPICIOUS_MOVE = YES;
				CLANG_WARN_UNGUARDED_AVAILABILITY = YES_AGGRESSIVE;
				CLANG_WARN_UNREACHABLE_CODE = YES;
				CLANG_WARN__DUPLICATE_METHOD_MATCH = YES;
				COPY_PHASE_STRIP = NO;
				DEBUG_INFORMATION_FORMAT = dwarf;
				ENABLE_STRICT_OBJC_MSGSEND = YES;
				ENABLE_TESTABILITY = YES;
				GCC_C_LANGUAGE_STANDARD = gnu11;
				GCC_DYNAMIC_NO_PIC = NO;
				GCC_NO_COMMON_BLOCKS = YES;
				GCC_OPTIMIZATION_LEVEL = 0;
				GCC_PREPROCESSOR_DEFINITIONS = (
					"DEBUG=1",
					"$(inherited)",
				);
				GCC_WARN_64_TO_32_BIT_CONVERSION = YES;
				GCC_WARN_ABOUT_RETURN_TYPE = YES_ERROR;
				GCC_WARN_UNDECLARED_SELECTOR = YES;
				GCC_WARN_UNINITIALIZED_AUTOS = YES_AGGRESSIVE;
				GCC_WARN_UNUSED_FUNCTION = YES;
				GCC_WARN_UNUSED_VARIABLE = YES;
				IPHONEOS_DEPLOYMENT_TARGET = 13.0;
				MTL_ENABLE_DEBUG_INFO = INCLUDE_SOURCE;
				MTL_FAST_MATH = YES;
				ONLY_ACTIVE_ARCH = YES;
				SDKROOT = iphoneos;
				SWIFT_ACTIVE_COMPILATION_CONDITIONS = DEBUG;
				SWIFT_OPTIMIZATION_LEVEL = "-Onone";
			};
			name = Debug;
		};
		5E0B809B26FA2BAF00F7BB92 /* Release */ = {
			isa = XCBuildConfiguration;
			buildSettings = {
				ALWAYS_SEARCH_USER_PATHS = NO;
				CLANG_ANALYZER_NONNULL = YES;
				CLANG_ANALYZER_NUMBER_OBJECT_CONVERSION = YES_AGGRESSIVE;
				CLANG_CXX_LANGUAGE_STANDARD = "gnu++14";
				CLANG_CXX_LIBRARY = "libc++";
				CLANG_ENABLE_MODULES = YES;
				CLANG_ENABLE_OBJC_ARC = YES;
				CLANG_ENABLE_OBJC_WEAK = YES;
				CLANG_WARN_BLOCK_CAPTURE_AUTORELEASING = YES;
				CLANG_WARN_BOOL_CONVERSION = YES;
				CLANG_WARN_COMMA = YES;
				CLANG_WARN_CONSTANT_CONVERSION = YES;
				CLANG_WARN_DEPRECATED_OBJC_IMPLEMENTATIONS = YES;
				CLANG_WARN_DIRECT_OBJC_ISA_USAGE = YES_ERROR;
				CLANG_WARN_DOCUMENTATION_COMMENTS = YES;
				CLANG_WARN_EMPTY_BODY = YES;
				CLANG_WARN_ENUM_CONVERSION = YES;
				CLANG_WARN_INFINITE_RECURSION = YES;
				CLANG_WARN_INT_CONVERSION = YES;
				CLANG_WARN_NON_LITERAL_NULL_CONVERSION = YES;
				CLANG_WARN_OBJC_IMPLICIT_RETAIN_SELF = YES;
				CLANG_WARN_OBJC_LITERAL_CONVERSION = YES;
				CLANG_WARN_OBJC_ROOT_CLASS = YES_ERROR;
				CLANG_WARN_QUOTED_INCLUDE_IN_FRAMEWORK_HEADER = YES;
				CLANG_WARN_RANGE_LOOP_ANALYSIS = YES;
				CLANG_WARN_STRICT_PROTOTYPES = YES;
				CLANG_WARN_SUSPICIOUS_MOVE = YES;
				CLANG_WARN_UNGUARDED_AVAILABILITY = YES_AGGRESSIVE;
				CLANG_WARN_UNREACHABLE_CODE = YES;
				CLANG_WARN__DUPLICATE_METHOD_MATCH = YES;
				COPY_PHASE_STRIP = NO;
				DEBUG_INFORMATION_FORMAT = "dwarf-with-dsym";
				ENABLE_NS_ASSERTIONS = NO;
				ENABLE_STRICT_OBJC_MSGSEND = YES;
				GCC_C_LANGUAGE_STANDARD = gnu11;
				GCC_NO_COMMON_BLOCKS = YES;
				GCC_WARN_64_TO_32_BIT_CONVERSION = YES;
				GCC_WARN_ABOUT_RETURN_TYPE = YES_ERROR;
				GCC_WARN_UNDECLARED_SELECTOR = YES;
				GCC_WARN_UNINITIALIZED_AUTOS = YES_AGGRESSIVE;
				GCC_WARN_UNUSED_FUNCTION = YES;
				GCC_WARN_UNUSED_VARIABLE = YES;
				IPHONEOS_DEPLOYMENT_TARGET = 13.0;
				MTL_ENABLE_DEBUG_INFO = NO;
				MTL_FAST_MATH = YES;
				SDKROOT = iphoneos;
				SWIFT_COMPILATION_MODE = wholemodule;
				SWIFT_OPTIMIZATION_LEVEL = "-O";
				VALIDATE_PRODUCT = YES;
			};
			name = Release;
		};
		5E0B809D26FA2BAF00F7BB92 /* Debug */ = {
			isa = XCBuildConfiguration;
			buildSettings = {
				ASSETCATALOG_COMPILER_APPICON_NAME = AppIcon;
				ASSETCATALOG_COMPILER_GLOBAL_ACCENT_COLOR_NAME = AccentColor;
				CODE_SIGN_STYLE = Automatic;
				DEVELOPMENT_TEAM = 939KD425D9;
				INFOPLIST_FILE = Lesson3/Info.plist;
				IPHONEOS_DEPLOYMENT_TARGET = 13.0;
				LD_RUNPATH_SEARCH_PATHS = (
					"$(inherited)",
					"@executable_path/Frameworks",
				);
				PRODUCT_BUNDLE_IDENTIFIER = com.playground.lesson3.Lesson3;
				PRODUCT_NAME = "$(TARGET_NAME)";
				SWIFT_VERSION = 5.0;
				TARGETED_DEVICE_FAMILY = "1,2";
			};
			name = Debug;
		};
		5E0B809E26FA2BAF00F7BB92 /* Release */ = {
			isa = XCBuildConfiguration;
			buildSettings = {
				ASSETCATALOG_COMPILER_APPICON_NAME = AppIcon;
				ASSETCATALOG_COMPILER_GLOBAL_ACCENT_COLOR_NAME = AccentColor;
				CODE_SIGN_STYLE = Automatic;
				DEVELOPMENT_TEAM = 939KD425D9;
				INFOPLIST_FILE = Lesson3/Info.plist;
				IPHONEOS_DEPLOYMENT_TARGET = 13.0;
				LD_RUNPATH_SEARCH_PATHS = (
					"$(inherited)",
					"@executable_path/Frameworks",
				);
				PRODUCT_BUNDLE_IDENTIFIER = com.playground.lesson3.Lesson3;
				PRODUCT_NAME = "$(TARGET_NAME)";
				SWIFT_VERSION = 5.0;
				TARGETED_DEVICE_FAMILY = "1,2";
			};
			name = Release;
		};
/* End XCBuildConfiguration section */

/* Begin XCConfigurationList section */
		5E0B808326FA2BAE00F7BB92 /* Build configuration list for PBXProject "Lesson3" */ = {
			isa = XCConfigurationList;
			buildConfigurations = (
				5E0B809A26FA2BAF00F7BB92 /* Debug */,
				5E0B809B26FA2BAF00F7BB92 /* Release */,
			);
			defaultConfigurationIsVisible = 0;
			defaultConfigurationName = Release;
		};
		5E0B809C26FA2BAF00F7BB92 /* Build configuration list for PBXNativeTarget "Lesson3" */ = {
			isa = XCConfigurationList;
			buildConfigurations = (
				5E0B809D26FA2BAF00F7BB92 /* Debug */,
				5E0B809E26FA2BAF00F7BB92 /* Release */,
			);
			defaultConfigurationIsVisible = 0;
			defaultConfigurationName = Release;
		};
/* End XCConfigurationList section */
	};
	rootObject = 5E0B808026FA2BAE00F7BB92 /* Project object */;
}
