// !$*UTF8*$!
{
	archiveVersion = 1;
	classes = {
	};
	objectVersion = 50;
	objects = {

/* Begin PBXBuildFile section */
		5E0B808C26FA2BAE00F7BB92 /* AppDelegate.swift in Sources */ = {isa = PBXBuildFile; fileRef = 5E0B808B26FA2BAE00F7BB92 /* AppDelegate.swift */; };
		5E0B808E26FA2BAE00F7BB92 /* SceneDelegate.swift in Sources */ = {isa = PBXBuildFile; fileRef = 5E0B808D26FA2BAE00F7BB92 /* SceneDelegate.swift */; };
		5E0B809526FA2BAF00F7BB92 /* Assets.xcassets in Resources */ = {isa = PBXBuildFile; fileRef = 5E0B809426FA2BAF00F7BB92 /* Assets.xcassets */; };
		5E0B809826FA2BAF00F7BB92 /* LaunchScreen.storyboard in Resources */ = {isa = PBXBuildFile; fileRef = 5E0B809626FA2BAF00F7BB92 /* LaunchScreen.storyboard */; };
		7405F4E12716BE2C002BFD13 /* DetailModel.swift in Sources */ = {isa = PBXBuildFile; fileRef = 7405F4E02716BE2C002BFD13 /* DetailModel.swift */; };
		741AA34A271448180012109B /* FeedView.swift in Sources */ = {isa = PBXBuildFile; fileRef = 741AA349271448180012109B /* FeedView.swift */; };
		741AA34C2714498D0012109B /* FeedViewController.swift in Sources */ = {isa = PBXBuildFile; fileRef = 741AA34B2714498D0012109B /* FeedViewController.swift */; };
		7421E5C126FE4BB900BE84D8 /* DetailPostViewController.swift in Sources */ = {isa = PBXBuildFile; fileRef = 7421E5BF26FE4BB900BE84D8 /* DetailPostViewController.swift */; };
		742E97C2270DAD86003AAC1D /* User.swift in Sources */ = {isa = PBXBuildFile; fileRef = 742E97C1270DAD86003AAC1D /* User.swift */; };
		7473E50327142267007133F8 /* ProfileViewController.swift in Sources */ = {isa = PBXBuildFile; fileRef = 7473E50227142267007133F8 /* ProfileViewController.swift */; };
		7473E5052714297A007133F8 /* DetailView.swift in Sources */ = {isa = PBXBuildFile; fileRef = 7473E5042714297A007133F8 /* DetailView.swift */; };
		7473E50927142CEA007133F8 /* LogInView.swift in Sources */ = {isa = PBXBuildFile; fileRef = 7473E50827142CEA007133F8 /* LogInView.swift */; };
		747875E02716C29600CE85D0 /* ProfileModel.swift in Sources */ = {isa = PBXBuildFile; fileRef = 747875DF2716C29600CE85D0 /* ProfileModel.swift */; };
		747875E22716C55400CE85D0 /* DataService.swift in Sources */ = {isa = PBXBuildFile; fileRef = 747875E12716C55400CE85D0 /* DataService.swift */; };
		74AEEC0E2717086C00104BA5 /* LogInModel.swift in Sources */ = {isa = PBXBuildFile; fileRef = 74AEEC0D2717086C00104BA5 /* LogInModel.swift */; };
		74B38E6027141008008A7D6F /* Feed.storyboard in Resources */ = {isa = PBXBuildFile; fileRef = 74B38E5F27141008008A7D6F /* Feed.storyboard */; };
		74B38E6427141063008A7D6F /* LogIn.storyboard in Resources */ = {isa = PBXBuildFile; fileRef = 74B38E6327141063008A7D6F /* LogIn.storyboard */; };
		74B38E6727141427008A7D6F /* Detail.storyboard in Resources */ = {isa = PBXBuildFile; fileRef = 74B38E6627141427008A7D6F /* Detail.storyboard */; };
		74B38E6927141482008A7D6F /* Profile .storyboard in Resources */ = {isa = PBXBuildFile; fileRef = 74B38E6827141482008A7D6F /* Profile .storyboard */; };
		74B38E71271416FC008A7D6F /* ProfileView.swift in Sources */ = {isa = PBXBuildFile; fileRef = 74B38E70271416FC008A7D6F /* ProfileView.swift */; };
		74C841E126FE038000208511 /* LayerManager.swift in Sources */ = {isa = PBXBuildFile; fileRef = 74C841E026FE038000208511 /* LayerManager.swift */; };
		74C841E326FE0CDE00208511 /* DelegateProtocols.swift in Sources */ = {isa = PBXBuildFile; fileRef = 74C841E226FE0CDE00208511 /* DelegateProtocols.swift */; };
		74D2A78426FDC22800193B26 /* Post.swift in Sources */ = {isa = PBXBuildFile; fileRef = 74D2A78326FDC22800193B26 /* Post.swift */; };
		74D2A79426FDD46500193B26 /* DataGenerator.swift in Sources */ = {isa = PBXBuildFile; fileRef = 74D2A79326FDD46500193B26 /* DataGenerator.swift */; };
		74E7C08F270D8CF80094C2DC /* LogInViewController.swift in Sources */ = {isa = PBXBuildFile; fileRef = 74E7C08E270D8CF80094C2DC /* LogInViewController.swift */; };
		74E9C0202716FD4800B4EB1A /* FeedModel.swift in Sources */ = {isa = PBXBuildFile; fileRef = 74E9C01F2716FD4800B4EB1A /* FeedModel.swift */; };
		74E9C0232717014D00B4EB1A /* FeedModelDelegate.swift in Sources */ = {isa = PBXBuildFile; fileRef = 74E9C0222717014D00B4EB1A /* FeedModelDelegate.swift */; };
		74F3DD16270ADBD800C7349C /* PostTableViewCell.swift in Sources */ = {isa = PBXBuildFile; fileRef = 74F3DD14270ADBD800C7349C /* PostTableViewCell.swift */; };
		74F3DD17270ADBD800C7349C /* PostTableViewCell.xib in Resources */ = {isa = PBXBuildFile; fileRef = 74F3DD15270ADBD800C7349C /* PostTableViewCell.xib */; };
/* End PBXBuildFile section */

/* Begin PBXFileReference section */
		5E0B808826FA2BAE00F7BB92 /* Lesson3.app */ = {isa = PBXFileReference; explicitFileType = wrapper.application; includeInIndex = 0; path = Lesson3.app; sourceTree = BUILT_PRODUCTS_DIR; };
		5E0B808B26FA2BAE00F7BB92 /* AppDelegate.swift */ = {isa = PBXFileReference; lastKnownFileType = sourcecode.swift; path = AppDelegate.swift; sourceTree = "<group>"; };
		5E0B808D26FA2BAE00F7BB92 /* SceneDelegate.swift */ = {isa = PBXFileReference; lastKnownFileType = sourcecode.swift; path = SceneDelegate.swift; sourceTree = "<group>"; };
		5E0B809426FA2BAF00F7BB92 /* Assets.xcassets */ = {isa = PBXFileReference; lastKnownFileType = folder.assetcatalog; path = Assets.xcassets; sourceTree = "<group>"; };
		5E0B809726FA2BAF00F7BB92 /* Base */ = {isa = PBXFileReference; lastKnownFileType = file.storyboard; name = Base; path = Base.lproj/LaunchScreen.storyboard; sourceTree = "<group>"; };
		5E0B809926FA2BAF00F7BB92 /* Info.plist */ = {isa = PBXFileReference; lastKnownFileType = text.plist.xml; path = Info.plist; sourceTree = "<group>"; };
		7405F4E02716BE2C002BFD13 /* DetailModel.swift */ = {isa = PBXFileReference; lastKnownFileType = sourcecode.swift; path = DetailModel.swift; sourceTree = "<group>"; };
		741AA349271448180012109B /* FeedView.swift */ = {isa = PBXFileReference; lastKnownFileType = sourcecode.swift; path = FeedView.swift; sourceTree = "<group>"; };
		741AA34B2714498D0012109B /* FeedViewController.swift */ = {isa = PBXFileReference; lastKnownFileType = sourcecode.swift; path = FeedViewController.swift; sourceTree = "<group>"; };
		7421E5BF26FE4BB900BE84D8 /* DetailPostViewController.swift */ = {isa = PBXFileReference; lastKnownFileType = sourcecode.swift; path = DetailPostViewController.swift; sourceTree = "<group>"; };
		742E97C1270DAD86003AAC1D /* User.swift */ = {isa = PBXFileReference; lastKnownFileType = sourcecode.swift; path = User.swift; sourceTree = "<group>"; };
		7473E50227142267007133F8 /* ProfileViewController.swift */ = {isa = PBXFileReference; lastKnownFileType = sourcecode.swift; path = ProfileViewController.swift; sourceTree = "<group>"; };
		7473E5042714297A007133F8 /* DetailView.swift */ = {isa = PBXFileReference; lastKnownFileType = sourcecode.swift; path = DetailView.swift; sourceTree = "<group>"; };
		7473E50827142CEA007133F8 /* LogInView.swift */ = {isa = PBXFileReference; lastKnownFileType = sourcecode.swift; path = LogInView.swift; sourceTree = "<group>"; };
		747875DF2716C29600CE85D0 /* ProfileModel.swift */ = {isa = PBXFileReference; lastKnownFileType = sourcecode.swift; path = ProfileModel.swift; sourceTree = "<group>"; };
		747875E12716C55400CE85D0 /* DataService.swift */ = {isa = PBXFileReference; lastKnownFileType = sourcecode.swift; path = DataService.swift; sourceTree = "<group>"; };
		74AEEC0D2717086C00104BA5 /* LogInModel.swift */ = {isa = PBXFileReference; lastKnownFileType = sourcecode.swift; path = LogInModel.swift; sourceTree = "<group>"; };
		74B38E5F27141008008A7D6F /* Feed.storyboard */ = {isa = PBXFileReference; lastKnownFileType = file.storyboard; path = Feed.storyboard; sourceTree = "<group>"; };
		74B38E6327141063008A7D6F /* LogIn.storyboard */ = {isa = PBXFileReference; lastKnownFileType = file.storyboard; path = LogIn.storyboard; sourceTree = "<group>"; };
		74B38E6627141427008A7D6F /* Detail.storyboard */ = {isa = PBXFileReference; lastKnownFileType = file.storyboard; path = Detail.storyboard; sourceTree = "<group>"; };
		74B38E6827141482008A7D6F /* Profile .storyboard */ = {isa = PBXFileReference; lastKnownFileType = file.storyboard; path = "Profile .storyboard"; sourceTree = "<group>"; };
		74B38E70271416FC008A7D6F /* ProfileView.swift */ = {isa = PBXFileReference; lastKnownFileType = sourcecode.swift; path = ProfileView.swift; sourceTree = "<group>"; };
		74C841E026FE038000208511 /* LayerManager.swift */ = {isa = PBXFileReference; lastKnownFileType = sourcecode.swift; path = LayerManager.swift; sourceTree = "<group>"; };
		74C841E226FE0CDE00208511 /* DelegateProtocols.swift */ = {isa = PBXFileReference; lastKnownFileType = sourcecode.swift; path = DelegateProtocols.swift; sourceTree = "<group>"; };
		74D2A78326FDC22800193B26 /* Post.swift */ = {isa = PBXFileReference; lastKnownFileType = sourcecode.swift; path = Post.swift; sourceTree = "<group>"; };
		74D2A79326FDD46500193B26 /* DataGenerator.swift */ = {isa = PBXFileReference; lastKnownFileType = sourcecode.swift; path = DataGenerator.swift; sourceTree = "<group>"; };
		74E7C08E270D8CF80094C2DC /* LogInViewController.swift */ = {isa = PBXFileReference; lastKnownFileType = sourcecode.swift; path = LogInViewController.swift; sourceTree = "<group>"; };
		74E9C01F2716FD4800B4EB1A /* FeedModel.swift */ = {isa = PBXFileReference; lastKnownFileType = sourcecode.swift; path = FeedModel.swift; sourceTree = "<group>"; };
		74E9C0222717014D00B4EB1A /* FeedModelDelegate.swift */ = {isa = PBXFileReference; lastKnownFileType = sourcecode.swift; path = FeedModelDelegate.swift; sourceTree = "<group>"; };
		74F3DD14270ADBD800C7349C /* PostTableViewCell.swift */ = {isa = PBXFileReference; lastKnownFileType = sourcecode.swift; path = PostTableViewCell.swift; sourceTree = "<group>"; };
		74F3DD15270ADBD800C7349C /* PostTableViewCell.xib */ = {isa = PBXFileReference; lastKnownFileType = file.xib; path = PostTableViewCell.xib; sourceTree = "<group>"; };
/* End PBXFileReference section */

/* Begin PBXFrameworksBuildPhase section */
		5E0B808526FA2BAE00F7BB92 /* Frameworks */ = {
			isa = PBXFrameworksBuildPhase;
			buildActionMask = 2147483647;
			files = (
			);
			runOnlyForDeploymentPostprocessing = 0;
		};
/* End PBXFrameworksBuildPhase section */

/* Begin PBXGroup section */
		5E0B807F26FA2BAE00F7BB92 = {
			isa = PBXGroup;
			children = (
				5E0B808A26FA2BAE00F7BB92 /* Lesson3 */,
				5E0B808926FA2BAE00F7BB92 /* Products */,
			);
			sourceTree = "<group>";
		};
		5E0B808926FA2BAE00F7BB92 /* Products */ = {
			isa = PBXGroup;
			children = (
				5E0B808826FA2BAE00F7BB92 /* Lesson3.app */,
			);
			name = Products;
			sourceTree = "<group>";
		};
		5E0B808A26FA2BAE00F7BB92 /* Lesson3 */ = {
			isa = PBXGroup;
			children = (
				741C8FE72711C24D0015B8F1 /* Services */,
				741C8FE62711C23F0015B8F1 /* Presentation */,
				741C8FE52711C1B20015B8F1 /* Resources */,
				7482A5D926FF2799004DD8E2 /* Cells */,
				7482A5D826FF277A004DD8E2 /* View Controllers */,
				7482A5D726FF274E004DD8E2 /* Structures */,
				7482A5D526FF26F7004DD8E2 /* Managers */,
				5E0B808B26FA2BAE00F7BB92 /* AppDelegate.swift */,
				5E0B808D26FA2BAE00F7BB92 /* SceneDelegate.swift */,
				74C841E226FE0CDE00208511 /* DelegateProtocols.swift */,
				5E0B809926FA2BAF00F7BB92 /* Info.plist */,
			);
			path = Lesson3;
			sourceTree = "<group>";
		};
		7405F4DF2716BDF6002BFD13 /* Model */ = {
			isa = PBXGroup;
			children = (
				7405F4E02716BE2C002BFD13 /* DetailModel.swift */,
			);
			path = Model;
			sourceTree = "<group>";
		};
		741C8FE52711C1B20015B8F1 /* Resources */ = {
			isa = PBXGroup;
			children = (
				5E0B809626FA2BAF00F7BB92 /* LaunchScreen.storyboard */,
				5E0B809426FA2BAF00F7BB92 /* Assets.xcassets */,
			);
			path = Resources;
			sourceTree = "<group>";
		};
		741C8FE62711C23F0015B8F1 /* Presentation */ = {
			isa = PBXGroup;
			children = (
				74B38E652714138F008A7D6F /* Detail */,
				74B38E6227141030008A7D6F /* Profile  */,
				74B38E6127141025008A7D6F /* Log In */,
				74B38E5E27140FE6008A7D6F /* Feed */,
			);
			path = Presentation;
			sourceTree = "<group>";
		};
		741C8FE72711C24D0015B8F1 /* Services */ = {
			isa = PBXGroup;
			children = (
				74D2A79326FDD46500193B26 /* DataGenerator.swift */,
				747875E12716C55400CE85D0 /* DataService.swift */,
			);
			path = Services;
			sourceTree = "<group>";
		};
		7473E50627142C9E007133F8 /* View */ = {
			isa = PBXGroup;
			children = (
				74B38E6327141063008A7D6F /* LogIn.storyboard */,
				7473E50827142CEA007133F8 /* LogInView.swift */,
			);
			path = View;
			sourceTree = "<group>";
		};
		7473E50727142CA9007133F8 /* Controllers */ = {
			isa = PBXGroup;
			children = (
				74E7C08E270D8CF80094C2DC /* LogInViewController.swift */,
			);
			path = Controllers;
			sourceTree = "<group>";
		};
		7473E50A27142EB9007133F8 /* View */ = {
			isa = PBXGroup;
			children = (
				74B38E5F27141008008A7D6F /* Feed.storyboard */,
				74F3DD15270ADBD800C7349C /* PostTableViewCell.xib */,
				74F3DD14270ADBD800C7349C /* PostTableViewCell.swift */,
				741AA349271448180012109B /* FeedView.swift */,
			);
			path = View;
			sourceTree = "<group>";
		};
		7473E50B27142EC3007133F8 /* Controllers */ = {
			isa = PBXGroup;
			children = (
				741AA34B2714498D0012109B /* FeedViewController.swift */,
			);
			path = Controllers;
			sourceTree = "<group>";
		};
		747875DE2716C27800CE85D0 /* Model */ = {
			isa = PBXGroup;
			children = (
				747875DF2716C29600CE85D0 /* ProfileModel.swift */,
			);
			path = Model;
			sourceTree = "<group>";
		};
		7482A5D526FF26F7004DD8E2 /* Managers */ = {
			isa = PBXGroup;
			children = (
				74C841E026FE038000208511 /* LayerManager.swift */,
			);
			path = Managers;
			sourceTree = "<group>";
		};
		7482A5D726FF274E004DD8E2 /* Structures */ = {
			isa = PBXGroup;
			children = (
				74D2A78326FDC22800193B26 /* Post.swift */,
				742E97C1270DAD86003AAC1D /* User.swift */,
			);
			path = Structures;
			sourceTree = "<group>";
		};
		7482A5D826FF277A004DD8E2 /* View Controllers */ = {
			isa = PBXGroup;
			children = (
			);
			path = "View Controllers";
			sourceTree = "<group>";
		};
		7482A5D926FF2799004DD8E2 /* Cells */ = {
			isa = PBXGroup;
			children = (
			);
			path = Cells;
			sourceTree = "<group>";
		};
		74B38E5E27140FE6008A7D6F /* Feed */ = {
			isa = PBXGroup;
			children = (
				74E9C0212717013400B4EB1A /* DelegateProtocols */,
				74E9C01E2716FD3600B4EB1A /* Model */,
				7473E50B27142EC3007133F8 /* Controllers */,
				7473E50A27142EB9007133F8 /* View */,
			);
			path = Feed;
			sourceTree = "<group>";
		};
		74B38E6127141025008A7D6F /* Log In */ = {
			isa = PBXGroup;
			children = (
				74E9C01B2716EB5600B4EB1A /* Model */,
				7473E50727142CA9007133F8 /* Controllers */,
				7473E50627142C9E007133F8 /* View */,
			);
			path = "Log In";
			sourceTree = "<group>";
		};
		74B38E6227141030008A7D6F /* Profile  */ = {
			isa = PBXGroup;
			children = (
				747875DE2716C27800CE85D0 /* Model */,
				74B38E6F27141606008A7D6F /* Controller */,
				74B38E6D271415F1008A7D6F /* View */,
			);
			path = "Profile ";
			sourceTree = "<group>";
		};
		74B38E652714138F008A7D6F /* Detail */ = {
			isa = PBXGroup;
			children = (
				7405F4DF2716BDF6002BFD13 /* Model */,
				74B38E6B2714158D008A7D6F /* Controllers */,
				74B38E6A2714157F008A7D6F /* View */,
			);
			path = Detail;
			sourceTree = "<group>";
		};
		74B38E6A2714157F008A7D6F /* View */ = {
			isa = PBXGroup;
			children = (
				74B38E6627141427008A7D6F /* Detail.storyboard */,
				7473E5042714297A007133F8 /* DetailView.swift */,
			);
			path = View;
			sourceTree = "<group>";
		};
		74B38E6B2714158D008A7D6F /* Controllers */ = {
			isa = PBXGroup;
			children = (
				7421E5BF26FE4BB900BE84D8 /* DetailPostViewController.swift */,
			);
			path = Controllers;
			sourceTree = "<group>";
		};
		74B38E6D271415F1008A7D6F /* View */ = {
			isa = PBXGroup;
			children = (
				74B38E6827141482008A7D6F /* Profile .storyboard */,
				74B38E70271416FC008A7D6F /* ProfileView.swift */,
			);
			path = View;
			sourceTree = "<group>";
		};
		74B38E6F27141606008A7D6F /* Controller */ = {
			isa = PBXGroup;
			children = (
				7473E50227142267007133F8 /* ProfileViewController.swift */,
			);
			path = Controller;
			sourceTree = "<group>";
		};
		74E9C01B2716EB5600B4EB1A /* Model */ = {
			isa = PBXGroup;
			children = (
				74AEEC0D2717086C00104BA5 /* LogInModel.swift */,
			);
			path = Model;
			sourceTree = "<group>";
		};
		74E9C01E2716FD3600B4EB1A /* Model */ = {
			isa = PBXGroup;
			children = (
				74E9C01F2716FD4800B4EB1A /* FeedModel.swift */,
			);
			path = Model;
			sourceTree = "<group>";
		};
		74E9C0212717013400B4EB1A /* DelegateProtocols */ = {
			isa = PBXGroup;
			children = (
				74E9C0222717014D00B4EB1A /* FeedModelDelegate.swift */,
			);
			path = DelegateProtocols;
			sourceTree = "<group>";
		};
/* End PBXGroup section */

/* Begin PBXNativeTarget section */
		5E0B808726FA2BAE00F7BB92 /* Lesson3 */ = {
			isa = PBXNativeTarget;
			buildConfigurationList = 5E0B809C26FA2BAF00F7BB92 /* Build configuration list for PBXNativeTarget "Lesson3" */;
			buildPhases = (
				5E0B808426FA2BAE00F7BB92 /* Sources */,
				5E0B808526FA2BAE00F7BB92 /* Frameworks */,
				5E0B808626FA2BAE00F7BB92 /* Resources */,
			);
			buildRules = (
			);
			dependencies = (
			);
			name = Lesson3;
			productName = Lesson3;
			productReference = 5E0B808826FA2BAE00F7BB92 /* Lesson3.app */;
			productType = "com.apple.product-type.application";
		};
/* End PBXNativeTarget section */

/* Begin PBXProject section */
		5E0B808026FA2BAE00F7BB92 /* Project object */ = {
			isa = PBXProject;
			attributes = {
				LastSwiftUpdateCheck = 1250;
				LastUpgradeCheck = 1250;
				TargetAttributes = {
					5E0B808726FA2BAE00F7BB92 = {
						CreatedOnToolsVersion = 12.5.1;
					};
				};
			};
			buildConfigurationList = 5E0B808326FA2BAE00F7BB92 /* Build configuration list for PBXProject "Lesson3" */;
			compatibilityVersion = "Xcode 9.3";
			developmentRegion = en;
			hasScannedForEncodings = 0;
			knownRegions = (
				en,
				Base,
			);
			mainGroup = 5E0B807F26FA2BAE00F7BB92;
			productRefGroup = 5E0B808926FA2BAE00F7BB92 /* Products */;
			projectDirPath = "";
			projectRoot = "";
			targets = (
				5E0B808726FA2BAE00F7BB92 /* Lesson3 */,
			);
		};
/* End PBXProject section */

/* Begin PBXResourcesBuildPhase section */
		5E0B808626FA2BAE00F7BB92 /* Resources */ = {
			isa = PBXResourcesBuildPhase;
			buildActionMask = 2147483647;
			files = (
				5E0B809826FA2BAF00F7BB92 /* LaunchScreen.storyboard in Resources */,
				5E0B809526FA2BAF00F7BB92 /* Assets.xcassets in Resources */,
				74B38E6927141482008A7D6F /* Profile .storyboard in Resources */,
				74B38E6027141008008A7D6F /* Feed.storyboard in Resources */,
				74B38E6727141427008A7D6F /* Detail.storyboard in Resources */,
				74B38E6427141063008A7D6F /* LogIn.storyboard in Resources */,
				74F3DD17270ADBD800C7349C /* PostTableViewCell.xib in Resources */,
			);
			runOnlyForDeploymentPostprocessing = 0;
		};
/* End PBXResourcesBuildPhase section */

/* Begin PBXSourcesBuildPhase section */
		5E0B808426FA2BAE00F7BB92 /* Sources */ = {
			isa = PBXSourcesBuildPhase;
			buildActionMask = 2147483647;
			files = (
				74C841E326FE0CDE00208511 /* DelegateProtocols.swift in Sources */,
				74B38E71271416FC008A7D6F /* ProfileView.swift in Sources */,
				74D2A79426FDD46500193B26 /* DataGenerator.swift in Sources */,
				74C841E126FE038000208511 /* LayerManager.swift in Sources */,
				74E9C0202716FD4800B4EB1A /* FeedModel.swift in Sources */,
				7473E50327142267007133F8 /* ProfileViewController.swift in Sources */,
				5E0B808C26FA2BAE00F7BB92 /* AppDelegate.swift in Sources */,
				747875E22716C55400CE85D0 /* DataService.swift in Sources */,
				74E7C08F270D8CF80094C2DC /* LogInViewController.swift in Sources */,
				74E9C0232717014D00B4EB1A /* FeedModelDelegate.swift in Sources */,
				5E0B808E26FA2BAE00F7BB92 /* SceneDelegate.swift in Sources */,
				7421E5C126FE4BB900BE84D8 /* DetailPostViewController.swift in Sources */,
				747875E02716C29600CE85D0 /* ProfileModel.swift in Sources */,
				741AA34C2714498D0012109B /* FeedViewController.swift in Sources */,
				742E97C2270DAD86003AAC1D /* User.swift in Sources */,
				74AEEC0E2717086C00104BA5 /* LogInModel.swift in Sources */,
				741AA34A271448180012109B /* FeedView.swift in Sources */,
				74D2A78426FDC22800193B26 /* Post.swift in Sources */,
				7473E5052714297A007133F8 /* DetailView.swift in Sources */,
				7405F4E12716BE2C002BFD13 /* DetailModel.swift in Sources */,
				7473E50927142CEA007133F8 /* LogInView.swift in Sources */,
				74F3DD16270ADBD800C7349C /* PostTableViewCell.swift in Sources */,
			);
			runOnlyForDeploymentPostprocessing = 0;
		};
/* End PBXSourcesBuildPhase section */

/* Begin PBXVariantGroup section */
		5E0B809626FA2BAF00F7BB92 /* LaunchScreen.storyboard */ = {
			isa = PBXVariantGroup;
			children = (
				5E0B809726FA2BAF00F7BB92 /* Base */,
			);
			name = LaunchScreen.storyboard;
			sourceTree = "<group>";
		};
/* End PBXVariantGroup section */

/* Begin XCBuildConfiguration section */
		5E0B809A26FA2BAF00F7BB92 /* Debug */ = {
			isa = XCBuildConfiguration;
			buildSettings = {
				ALWAYS_SEARCH_USER_PATHS = NO;
				CLANG_ANALYZER_NONNULL = YES;
				CLANG_ANALYZER_NUMBER_OBJECT_CONVERSION = YES_AGGRESSIVE;
				CLANG_CXX_LANGUAGE_STANDARD = "gnu++14";
				CLANG_CXX_LIBRARY = "libc++";
				CLANG_ENABLE_MODULES = YES;
				CLANG_ENABLE_OBJC_ARC = YES;
				CLANG_ENABLE_OBJC_WEAK = YES;
				CLANG_WARN_BLOCK_CAPTURE_AUTORELEASING = YES;
				CLANG_WARN_BOOL_CONVERSION = YES;
				CLANG_WARN_COMMA = YES;
				CLANG_WARN_CONSTANT_CONVERSION = YES;
				CLANG_WARN_DEPRECATED_OBJC_IMPLEMENTATIONS = YES;
				CLANG_WARN_DIRECT_OBJC_ISA_USAGE = YES_ERROR;
				CLANG_WARN_DOCUMENTATION_COMMENTS = YES;
				CLANG_WARN_EMPTY_BODY = YES;
				CLANG_WARN_ENUM_CONVERSION = YES;
				CLANG_WARN_INFINITE_RECURSION = YES;
				CLANG_WARN_INT_CONVERSION = YES;
				CLANG_WARN_NON_LITERAL_NULL_CONVERSION = YES;
				CLANG_WARN_OBJC_IMPLICIT_RETAIN_SELF = YES;
				CLANG_WARN_OBJC_LITERAL_CONVERSION = YES;
				CLANG_WARN_OBJC_ROOT_CLASS = YES_ERROR;
				CLANG_WARN_QUOTED_INCLUDE_IN_FRAMEWORK_HEADER = YES;
				CLANG_WARN_RANGE_LOOP_ANALYSIS = YES;
				CLANG_WARN_STRICT_PROTOTYPES = YES;
				CLANG_WARN_SUSPICIOUS_MOVE = YES;
				CLANG_WARN_UNGUARDED_AVAILABILITY = YES_AGGRESSIVE;
				CLANG_WARN_UNREACHABLE_CODE = YES;
				CLANG_WARN__DUPLICATE_METHOD_MATCH = YES;
				COPY_PHASE_STRIP = NO;
				DEBUG_INFORMATION_FORMAT = dwarf;
				ENABLE_STRICT_OBJC_MSGSEND = YES;
				ENABLE_TESTABILITY = YES;
				GCC_C_LANGUAGE_STANDARD = gnu11;
				GCC_DYNAMIC_NO_PIC = NO;
				GCC_NO_COMMON_BLOCKS = YES;
				GCC_OPTIMIZATION_LEVEL = 0;
				GCC_PREPROCESSOR_DEFINITIONS = (
					"DEBUG=1",
					"$(inherited)",
				);
				GCC_WARN_64_TO_32_BIT_CONVERSION = YES;
				GCC_WARN_ABOUT_RETURN_TYPE = YES_ERROR;
				GCC_WARN_UNDECLARED_SELECTOR = YES;
				GCC_WARN_UNINITIALIZED_AUTOS = YES_AGGRESSIVE;
				GCC_WARN_UNUSED_FUNCTION = YES;
				GCC_WARN_UNUSED_VARIABLE = YES;
				IPHONEOS_DEPLOYMENT_TARGET = 14.5;
				MTL_ENABLE_DEBUG_INFO = INCLUDE_SOURCE;
				MTL_FAST_MATH = YES;
				ONLY_ACTIVE_ARCH = YES;
				SDKROOT = iphoneos;
				SWIFT_ACTIVE_COMPILATION_CONDITIONS = DEBUG;
				SWIFT_OPTIMIZATION_LEVEL = "-Onone";
			};
			name = Debug;
		};
		5E0B809B26FA2BAF00F7BB92 /* Release */ = {
			isa = XCBuildConfiguration;
			buildSettings = {
				ALWAYS_SEARCH_USER_PATHS = NO;
				CLANG_ANALYZER_NONNULL = YES;
				CLANG_ANALYZER_NUMBER_OBJECT_CONVERSION = YES_AGGRESSIVE;
				CLANG_CXX_LANGUAGE_STANDARD = "gnu++14";
				CLANG_CXX_LIBRARY = "libc++";
				CLANG_ENABLE_MODULES = YES;
				CLANG_ENABLE_OBJC_ARC = YES;
				CLANG_ENABLE_OBJC_WEAK = YES;
				CLANG_WARN_BLOCK_CAPTURE_AUTORELEASING = YES;
				CLANG_WARN_BOOL_CONVERSION = YES;
				CLANG_WARN_COMMA = YES;
				CLANG_WARN_CONSTANT_CONVERSION = YES;
				CLANG_WARN_DEPRECATED_OBJC_IMPLEMENTATIONS = YES;
				CLANG_WARN_DIRECT_OBJC_ISA_USAGE = YES_ERROR;
				CLANG_WARN_DOCUMENTATION_COMMENTS = YES;
				CLANG_WARN_EMPTY_BODY = YES;
				CLANG_WARN_ENUM_CONVERSION = YES;
				CLANG_WARN_INFINITE_RECURSION = YES;
				CLANG_WARN_INT_CONVERSION = YES;
				CLANG_WARN_NON_LITERAL_NULL_CONVERSION = YES;
				CLANG_WARN_OBJC_IMPLICIT_RETAIN_SELF = YES;
				CLANG_WARN_OBJC_LITERAL_CONVERSION = YES;
				CLANG_WARN_OBJC_ROOT_CLASS = YES_ERROR;
				CLANG_WARN_QUOTED_INCLUDE_IN_FRAMEWORK_HEADER = YES;
				CLANG_WARN_RANGE_LOOP_ANALYSIS = YES;
				CLANG_WARN_STRICT_PROTOTYPES = YES;
				CLANG_WARN_SUSPICIOUS_MOVE = YES;
				CLANG_WARN_UNGUARDED_AVAILABILITY = YES_AGGRESSIVE;
				CLANG_WARN_UNREACHABLE_CODE = YES;
				CLANG_WARN__DUPLICATE_METHOD_MATCH = YES;
				COPY_PHASE_STRIP = NO;
				DEBUG_INFORMATION_FORMAT = "dwarf-with-dsym";
				ENABLE_NS_ASSERTIONS = NO;
				ENABLE_STRICT_OBJC_MSGSEND = YES;
				GCC_C_LANGUAGE_STANDARD = gnu11;
				GCC_NO_COMMON_BLOCKS = YES;
				GCC_WARN_64_TO_32_BIT_CONVERSION = YES;
				GCC_WARN_ABOUT_RETURN_TYPE = YES_ERROR;
				GCC_WARN_UNDECLARED_SELECTOR = YES;
				GCC_WARN_UNINITIALIZED_AUTOS = YES_AGGRESSIVE;
				GCC_WARN_UNUSED_FUNCTION = YES;
				GCC_WARN_UNUSED_VARIABLE = YES;
				IPHONEOS_DEPLOYMENT_TARGET = 14.5;
				MTL_ENABLE_DEBUG_INFO = NO;
				MTL_FAST_MATH = YES;
				SDKROOT = iphoneos;
				SWIFT_COMPILATION_MODE = wholemodule;
				SWIFT_OPTIMIZATION_LEVEL = "-O";
				VALIDATE_PRODUCT = YES;
			};
			name = Release;
		};
		5E0B809D26FA2BAF00F7BB92 /* Debug */ = {
			isa = XCBuildConfiguration;
			buildSettings = {
				ASSETCATALOG_COMPILER_APPICON_NAME = AppIcon;
				ASSETCATALOG_COMPILER_GLOBAL_ACCENT_COLOR_NAME = AccentColor;
				CODE_SIGN_STYLE = Automatic;
				DEVELOPMENT_TEAM = K2W9WPT8C4;
				INFOPLIST_FILE = Lesson3/Info.plist;
				IPHONEOS_DEPLOYMENT_TARGET = 14.5;
				LD_RUNPATH_SEARCH_PATHS = (
					"$(inherited)",
					"@executable_path/Frameworks",
				);
				PRODUCT_BUNDLE_IDENTIFIER = com.playground.lesson3.Lesson3;
				PRODUCT_NAME = "$(TARGET_NAME)";
				SWIFT_VERSION = 5.0;
				TARGETED_DEVICE_FAMILY = "1,2";
			};
			name = Debug;
		};
		5E0B809E26FA2BAF00F7BB92 /* Release */ = {
			isa = XCBuildConfiguration;
			buildSettings = {
				ASSETCATALOG_COMPILER_APPICON_NAME = AppIcon;
				ASSETCATALOG_COMPILER_GLOBAL_ACCENT_COLOR_NAME = AccentColor;
				CODE_SIGN_STYLE = Automatic;
				DEVELOPMENT_TEAM = K2W9WPT8C4;
				INFOPLIST_FILE = Lesson3/Info.plist;
				IPHONEOS_DEPLOYMENT_TARGET = 14.5;
				LD_RUNPATH_SEARCH_PATHS = (
					"$(inherited)",
					"@executable_path/Frameworks",
				);
				PRODUCT_BUNDLE_IDENTIFIER = com.playground.lesson3.Lesson3;
				PRODUCT_NAME = "$(TARGET_NAME)";
				SWIFT_VERSION = 5.0;
				TARGETED_DEVICE_FAMILY = "1,2";
			};
			name = Release;
		};
/* End XCBuildConfiguration section */

/* Begin XCConfigurationList section */
		5E0B808326FA2BAE00F7BB92 /* Build configuration list for PBXProject "Lesson3" */ = {
			isa = XCConfigurationList;
			buildConfigurations = (
				5E0B809A26FA2BAF00F7BB92 /* Debug */,
				5E0B809B26FA2BAF00F7BB92 /* Release */,
			);
			defaultConfigurationIsVisible = 0;
			defaultConfigurationName = Release;
		};
		5E0B809C26FA2BAF00F7BB92 /* Build configuration list for PBXNativeTarget "Lesson3" */ = {
			isa = XCConfigurationList;
			buildConfigurations = (
				5E0B809D26FA2BAF00F7BB92 /* Debug */,
				5E0B809E26FA2BAF00F7BB92 /* Release */,
			);
			defaultConfigurationIsVisible = 0;
			defaultConfigurationName = Release;
		};
/* End XCConfigurationList section */
	};
	rootObject = 5E0B808026FA2BAE00F7BB92 /* Project object */;
}
